{
  "name": "node-red-contrib-haas",
  "version": "1.0.8",
  "lockfileVersion": 3,
  "requires": true,
  "packages": {
    "": {
      "name": "node-red-contrib-haas",
      "version": "1.0.8",
      "license": "Apache 2",
      "devDependencies": {},
      "engines": {
        "node": ">=12.0.0"
      }
    }
  }
}
